{
  "name": "sh.iva.meeting-transcription",
  "version": "0.3.1",
  "lockfileVersion": 3,
  "requires": true,
  "packages": {
    "": {
      "name": "sh.iva.meeting-transcription",
      "version": "0.3.1",
      "dependencies": {
        "docx": "9.7.2",
        "zod": "4.4.3"
      },
      "peerDependencies": {
        "eve": "0.51.1"
      }
    },
    "node_modules/@ai-sdk/gateway": {
      "version": "4.0.90",
      "resolved": "https://registry.npmjs.org/@ai-sdk/gateway/-/gateway-4.0.90.tgz",
      "integrity": "sha512-mtmiicpMapQU8K0ynNXCRcO55GVyBv6kjbwsD15RMxJKZUUPR99HfQ7/BsdRLdjSQcL7YcCauMLbguw6J+JFjQ==",
      "license": "Apache-2.0",
      "dependencies": {
        "@ai-sdk/provider": "4.0.18",
        "@ai-sdk/provider-utils": "5.0.46",
        "@vercel/oidc": "3.2.0"
      },
      "engines": {
        "node": ">=22"
      },
      "peerDependencies": {
        "zod": "^3.25.76 || ^4.1.8"
      }
    },
    "node_modules/@ai-sdk/provider": {
      "version": "4.0.18",
      "resolved": "https://registry.npmjs.org/@ai-sdk/provider/-/provider-4.0.18.tgz",
      "integrity": "sha512-+GZJIgz1jk86pwEbb3f1BD2bdoSKyWE4Jg4YUc7NMnMozbWemSKYZcw2F4nMaO5qwsL5A8RmioAKW81YktRpIQ==",
      "license": "Apache-2.0",
      "dependencies": {
        "json-schema": "^0.4.0"
      },
      "engines": {
        "node": ">=22"
      }
    },
    "node_modules/@ai-sdk/provider-utils": {
      "version": "5.0.46",
      "resolved": "https://registry.npmjs.org/@ai-sdk/provider-utils/-/provider-utils-5.0.46.tgz",
      "integrity": "sha512-XYpiJbd3jW12HC4yzqNmUuPbZ7ooKXVxQjnXCC3O/VzzV2OvRWD6lDFUYYPLs/ZJgTcWWUkmHL/vIyvnxyplVA==",
      "license": "Apache-2.0",
      "dependencies": {
        "@ai-sdk/provider": "4.0.18",
        "@standard-schema/spec": "^1.1.0",
        "@workflow/serde": "4.1.0",
        "eventsource-parser": "^3.0.8",
        "undici": "^7.29.0"
      },
      "engines": {
        "node": ">=22"
      },
      "peerDependencies": {
        "zod": "^3.25.76 || ^4.1.8"
      }
    },
    "node_modules/@oxc-project/types": {
      "version": "0.151.0",
      "resolved": "https://registry.npmjs.org/@oxc-project/types/-/types-0.151.0.tgz",
      "integrity": "sha512-J1yXrIlNDZVzE3ada310xeAw7nH8yCAyLPuUIsjKatFPmfn5bS1oW+cM+QsGOtVWd5nhSpbwZWx/rue+r5Z+PA==",
      "license": "MIT",
      "funding": {
        "url": "https://github.com/sponsors/oxc-project"
      }
    },
    "node_modules/@rolldown/binding-android-arm-eabi": {
      "version": "1.2.10",
      "resolved": "https://registry.npmjs.org/@rolldown/binding-android-arm-eabi/-/binding-android-arm-eabi-1.2.10.tgz",
      "integrity": "sha512-bp9svZb+QurZeh+8H4BhrZkifEB0YBNvTVzNSJnJQkj4NrRwmQoDUCGP0vSN7PbvLeM7l1tK6GXL8mrTiH2myg==",
      "cpu": [
        "arm"
      ],
      "license": "MIT",
      "optional": true,
      "os": [
        "android"
      ],
      "engines": {
        "node": "^20.19.0 || >=22.12.0"
      }
    },
    "node_modules/@rolldown/binding-android-arm64": {
      "version": "1.2.10",
      "resolved": "https://registry.npmjs.org/@rolldown/binding-android-arm64/-/binding-android-arm64-1.2.10.tgz",
      "integrity": "sha512-wm6Dld3RXUAZ/gRWKyUy+4W1B5CB5UeFaOzsSWJWEdxZXHH8rCYiZ5dGe6oJmhsunAPWzL7FZV+VtvmN5Ye2eA==",
      "cpu": [
        "arm64"
      ],
      "license": "MIT",
      "optional": true,
      "os": [
        "android"
      ],
      "engines": {
        "node": "^20.19.0 || >=22.12.0"
      }
    },
    "node_modules/@rolldown/binding-darwin-arm64": {
      "version": "1.2.10",
      "resolved": "https://registry.npmjs.org/@rolldown/binding-darwin-arm64/-/binding-darwin-arm64-1.2.10.tgz",
      "integrity": "sha512-UbEfXq/AqGNgRTV3ik+X/iR6mUxu2QdYAadwRxJWquUGnW6gDqdP1FtLtFXRow7RJx0ssRwi80XAPr4r+4DtsA==",
      "cpu": [
        "arm64"
      ],
      "license": "MIT",
      "optional": true,
      "os": [
        "darwin"
      ],
      "engines": {
        "node": "^20.19.0 || >=22.12.0"
      }
    },
    "node_modules/@rolldown/binding-darwin-x64": {
      "version": "1.2.10",
      "resolved": "https://registry.npmjs.org/@rolldown/binding-darwin-x64/-/binding-darwin-x64-1.2.10.tgz",
      "integrity": "sha512-7f5h17q5KZVx/ji1vb8OTq31ch1O2I7K8NPIr44GkyWTApXMIsmhWqZfgpOH10xeauqghDAvGlZktasCkcF6Eg==",
      "cpu": [
        "x64"
      ],
      "license": "MIT",
      "optional": true,
      "os": [
        "darwin"
      ],
      "engines": {
        "node": "^20.19.0 || >=22.12.0"
      }
    },
    "node_modules/@rolldown/binding-freebsd-x64": {
      "version": "1.2.10",
      "resolved": "https://registry.npmjs.org/@rolldown/binding-freebsd-x64/-/binding-freebsd-x64-1.2.10.tgz",
      "integrity": "sha512-ynOk/eEYhC6ZB2xCGvKrEOwE58oBy9LnrAqtkrDF9Fz1VTaNdGZTsV0VarJdhPwb+sOJTGjCLwcuyRJZ1dnMcQ==",
      "cpu": [
        "x64"
      ],
      "license": "MIT",
      "optional": true,
      "os": [
        "freebsd"
      ],
      "engines": {
        "node": "^20.19.0 || >=22.12.0"
      }
    },
    "node_modules/@rolldown/binding-linux-arm-gnueabihf": {
      "version": "1.2.10",
      "resolved": "https://registry.npmjs.org/@rolldown/binding-linux-arm-gnueabihf/-/binding-linux-arm-gnueabihf-1.2.10.tgz",
      "integrity": "sha512-ERrAs185meZZhGan7a4l3RiiJK1ArSDlHdST++uvSxe+FDbR4TwUPahT/cbZJvaG6fIpDpF78surN+tX708Y4Q==",
      "cpu": [
        "arm"
      ],
      "license": "MIT",
      "optional": true,
      "os": [
        "linux"
      ],
      "engines": {
        "node": "^20.19.0 || >=22.12.0"
      }
    },
    "node_modules/@rolldown/binding-linux-arm64-gnu": {
      "version": "1.2.10",
      "resolved": "https://registry.npmjs.org/@rolldown/binding-linux-arm64-gnu/-/binding-linux-arm64-gnu-1.2.10.tgz",
      "integrity": "sha512-KN7OHKD0J3jy1UzBwZWPxpwhODf9IARUIJcrH+yLYKOcmegZ8luEUM38lDP1bDVj40yP6PsSzCqOJF76vljFnQ==",
      "cpu": [
        "arm64"
      ],
      "license": "MIT",
      "optional": true,
      "os": [
        "linux"
      ],
      "engines": {
        "node": "^20.19.0 || >=22.12.0"
      }
    },
    "node_modules/@rolldown/binding-linux-arm64-musl": {
      "version": "1.2.10",
      "resolved": "https://registry.npmjs.org/@rolldown/binding-linux-arm64-musl/-/binding-linux-arm64-musl-1.2.10.tgz",
      "integrity": "sha512-8l9wP8O+wa8zD6iw6egSfzVtu7oZVfH3hlUsMM4MwbLMhxleqeoXbZzjddyK3YyNlwLhqznq3tF7PkNJ8T/V2w==",
      "cpu": [
        "arm64"
      ],
      "license": "MIT",
      "optional": true,
      "os": [
        "linux"
      ],
      "engines": {
        "node": "^20.19.0 || >=22.12.0"
      }
    },
    "node_modules/@rolldown/binding-linux-ppc64-gnu": {
      "version": "1.2.10",
      "resolved": "https://registry.npmjs.org/@rolldown/binding-linux-ppc64-gnu/-/binding-linux-ppc64-gnu-1.2.10.tgz",
      "integrity": "sha512-SeXNKeQzA5kLhz/J0CH6ZP0/HJ3v1xm/0YbiYpE0kK7emfRC2OIGGIaE14xzkISEGv2aYuUSpiLiU5Gbq+OI0A==",
      "cpu": [
        "ppc64"
      ],
      "license": "MIT",
      "optional": true,
      "os": [
        "linux"
      ],
      "engines": {
        "node": "^20.19.0 || >=22.12.0"
      }
    },
    "node_modules/@rolldown/binding-linux-s390x-gnu": {
      "version": "1.2.10",
      "resolved": "https://registry.npmjs.org/@rolldown/binding-linux-s390x-gnu/-/binding-linux-s390x-gnu-1.2.10.tgz",
      "integrity": "sha512-mtht0nR+y8/hart4175Ll15w7lY8dg7CtQ+j2FDNTsDRspOWTK/2V3l0aj9sIj7XmvqxT8Yli/wq22e7feTTWg==",
      "cpu": [
        "s390x"
      ],
      "license": "MIT",
      "optional": true,
      "os": [
        "linux"
      ],
      "engines": {
        "node": "^20.19.0 || >=22.12.0"
      }
    },
    "node_modules/@rolldown/binding-linux-x64-gnu": {
      "version": "1.2.10",
      "resolved": "https://registry.npmjs.org/@rolldown/binding-linux-x64-gnu/-/binding-linux-x64-gnu-1.2.10.tgz",
      "integrity": "sha512-FSM94nGd55NYo48usCyM/nHfUKRnqc9+b0vJNuKV0oCCpIp/OGims7rO1Nv/DkFkt0S/s2rxsJ2kkS8J3HcpeA==",
      "cpu": [
        "x64"
      ],
      "license": "MIT",
      "optional": true,
      "os": [
        "linux"
      ],
      "engines": {
        "node": "^20.19.0 || >=22.12.0"
      }
    },
    "node_modules/@rolldown/binding-linux-x64-musl": {
      "version": "1.2.10",
      "resolved": "https://registry.npmjs.org/@rolldown/binding-linux-x64-musl/-/binding-linux-x64-musl-1.2.10.tgz",
      "integrity": "sha512-C3YxNB16myRLs7o+B+6PnQ6jBsdIS4+AE4Ah8glVGhDpEv9AOvxhZ/1duAb4B0UGczEK/lBbccksd8VI+p6zfw==",
      "cpu": [
        "x64"
      ],
      "license": "MIT",
      "optional": true,
      "os": [
        "linux"
      ],
      "engines": {
        "node": "^20.19.0 || >=22.12.0"
      }
    },
    "node_modules/@rolldown/binding-openharmony-arm64": {
      "version": "1.2.10",
      "resolved": "https://registry.npmjs.org/@rolldown/binding-openharmony-arm64/-/binding-openharmony-arm64-1.2.10.tgz",
      "integrity": "sha512-571TlE/F1eeTjjdjYAMMMPs1Mfv3MtX6s3+ZKVU6HiUjZ5Njc6c/qzNy/8K3zALTZnaw3JQVYrHxvNfjm43KAg==",
      "cpu": [
        "arm64"
      ],
      "license": "MIT",
      "optional": true,
      "os": [
        "openharmony"
      ],
      "engines": {
        "node": "^20.19.0 || >=22.12.0"
      }
    },
    "node_modules/@rolldown/binding-win32-arm64-msvc": {
      "version": "1.2.10",
      "resolved": "https://registry.npmjs.org/@rolldown/binding-win32-arm64-msvc/-/binding-win32-arm64-msvc-1.2.10.tgz",
      "integrity": "sha512-QXW+ZWaiqs2c7Fi++D/SsW07LTPcUrncxcskJGfGNBoaLik1IU6fJymz4HsqwEO0u5Iq11yTO0B/mc4cPk7jrQ==",
      "cpu": [
        "arm64"
      ],
      "license": "MIT",
      "optional": true,
      "os": [
        "win32"
      ],
      "engines": {
        "node": "^20.19.0 || >=22.12.0"
      }
    },
    "node_modules/@rolldown/binding-win32-x64-msvc": {
      "version": "1.2.10",
      "resolved": "https://registry.npmjs.org/@rolldown/binding-win32-x64-msvc/-/binding-win32-x64-msvc-1.2.10.tgz",
      "integrity": "sha512-5FQFGgah17YeMtG1Yd5a+rMxQpTksyNXxRtKz06FVTaQw3RKYUJQbUoKk0/5jrXBpDo+7makNP7UHA2LQyH64A==",
      "cpu": [
        "x64"
      ],
      "license": "MIT",
      "optional": true,
      "os": [
        "win32"
      ],
      "engines": {
        "node": "^20.19.0 || >=22.12.0"
      }
    },
    "node_modules/@rolldown/pluginutils": {
      "version": "1.0.1",
      "resolved": "https://registry.npmjs.org/@rolldown/pluginutils/-/pluginutils-1.0.1.tgz",
      "integrity": "sha512-2j9bGt5Jh8hj+vPtgzPtl72j0yRxHAyumoo6TNfAjsLB04UtpSvPbPcDcBMxz7n+9CYB0c1GxQFxYRg2jimqGw==",
      "license": "MIT"
    },
    "node_modules/@standard-schema/spec": {
      "version": "1.1.0",
      "resolved": "https://registry.npmjs.org/@standard-schema/spec/-/spec-1.1.0.tgz",
      "integrity": "sha512-l2aFy5jALhniG5HgqrD6jXLi/rUWrKvqN/qJx6yoJsgKhblVd+iqqU4RCXavm/jPityDo5TCvKMnpjKnOriy0w==",
      "license": "MIT"
    },
    "node_modules/@types/node": {
      "version": "25.9.8",
      "resolved": "https://registry.npmjs.org/@types/node/-/node-25.9.8.tgz",
      "integrity": "sha512-VfMrScDmMhUJQmd5hArdQnFvK0OIeD36uN2Va1FcpYaLB/BgkgM8Ulc50XtYISPMz7APJ30+N0T5EM0jlcdfRw==",
      "license": "MIT",
      "dependencies": {
        "undici-types": ">=7.24.0 <7.24.7"
      }
    },
    "node_modules/@vercel/oidc": {
      "version": "3.2.0",
      "resolved": "https://registry.npmjs.org/@vercel/oidc/-/oidc-3.2.0.tgz",
      "integrity": "sha512-UycprH3T6n3jH0k44NHMa7pnFHGu/N05MjojYr+Mc6I7obkoLIJujSWwin1pCvdy/eOxrI/l3uDLQsmcrOb4ug==",
      "license": "Apache-2.0",
      "engines": {
        "node": ">= 20"
      }
    },
    "node_modules/@workflow/serde": {
      "version": "4.1.0",
      "resolved": "https://registry.npmjs.org/@workflow/serde/-/serde-4.1.0.tgz",
      "integrity": "sha512-pav4F2BoirECWR7Nf1TKt+2eETcBj7jj4cBefQ8VXQCA6NPkaKeLfj/zMgi+3zYV5ZIBT4GuUiphsj0/b9hPQQ==",
      "license": "Apache-2.0"
    },
    "node_modules/ai": {
      "version": "7.0.112",
      "resolved": "https://registry.npmjs.org/ai/-/ai-7.0.112.tgz",
      "integrity": "sha512-JDIaxfynFQoV/MPh8AUeHIpuFAUjA2uPBXd6Aa8oZBHtiQ58gJ+Q3NHsQUgavIHsA734oCIr3y9QWkhlgCEA0g==",
      "license": "Apache-2.0",
      "peer": true,
      "dependencies": {
        "@ai-sdk/gateway": "4.0.90",
        "@ai-sdk/provider": "4.0.18",
        "@ai-sdk/provider-utils": "5.0.46"
      },
      "engines": {
        "node": ">=22"
      },
      "peerDependencies": {
        "zod": "^3.25.76 || ^4.1.8"
      }
    },
    "node_modules/consola": {
      "version": "3.4.2",
      "resolved": "https://registry.npmjs.org/consola/-/consola-3.4.2.tgz",
      "integrity": "sha512-5IKcdX0nnYavi6G7TtOhwkYzyjfJlatbjMjuLSfE2kYT5pMDOilZ4OvMhi637CcDICTmz3wARPoyhqyX1Y+XvA==",
      "license": "MIT",
      "engines": {
        "node": "^14.18.0 || >=16.10.0"
      }
    },
    "node_modules/core-util-is": {
      "version": "1.0.3",
      "resolved": "https://registry.npmjs.org/core-util-is/-/core-util-is-1.0.3.tgz",
      "integrity": "sha512-ZQBvi1DcpJ4GDqanjucZ2Hj3wEO5pZDS89BWbkcrvdxksJorwUDDZamX9ldFkp9aw2lmBDLgkObEA4DWNJ9FYQ==",
      "license": "MIT"
    },
    "node_modules/crossws": {
      "version": "0.4.12",
      "resolved": "https://registry.npmjs.org/crossws/-/crossws-0.4.12.tgz",
      "integrity": "sha512-aypfsr6t0uNvkqaZc6zvBfXzC6pLI0/sIulpkV6RwCVtZqG5ebBzv4weImKK0VNCj91Wl9F5j7p5WU4MNrybng==",
      "license": "MIT",
      "peer": true,
      "peerDependencies": {
        "srvx": ">=0.11.5"
      },
      "peerDependenciesMeta": {
        "srvx": {
          "optional": true
        }
      }
    },
    "node_modules/db0": {
      "version": "0.3.4",
      "resolved": "https://registry.npmjs.org/db0/-/db0-0.3.4.tgz",
      "integrity": "sha512-RiXXi4WaNzPTHEOu8UPQKMooIbqOEyqA1t7Z6MsdxSCeb8iUC9ko3LcmsLmeUt2SM5bctfArZKkRQggKZz7JNw==",
      "license": "MIT",
      "peer": true,
      "peerDependencies": {
        "@electric-sql/pglite": "*",
        "@libsql/client": "*",
        "better-sqlite3": "*",
        "drizzle-orm": "*",
        "mysql2": "*",
        "sqlite3": "*"
      },
      "peerDependenciesMeta": {
        "@electric-sql/pglite": {
          "optional": true
        },
        "@libsql/client": {
          "optional": true
        },
        "better-sqlite3": {
          "optional": true
        },
        "drizzle-orm": {
          "optional": true
        },
        "mysql2": {
          "optional": true
        },
        "sqlite3": {
          "optional": true
        }
      }
    },
    "node_modules/docx": {
      "version": "9.7.2",
      "resolved": "https://registry.npmjs.org/docx/-/docx-9.7.2.tgz",
      "integrity": "sha512-ULgLbO3Qw7jK03XypipZoLAg7Kqy9w2T2KaDs9cVZLnWxwva7vU3iJExCYdXogIDeA4GLJ5oxEYSfTiTw3K17Q==",
      "license": "MIT",
      "dependencies": {
        "@types/node": "^25.2.3",
        "hash.js": "^1.1.7",
        "jszip": "^3.10.1",
        "nanoid": "^6.0.1",
        "xml": "^1.0.1",
        "xml-js": "^1.6.8"
      },
      "engines": {
        "node": ">=10"
      }
    },
    "node_modules/env-runner": {
      "version": "0.1.16",
      "resolved": "https://registry.npmjs.org/env-runner/-/env-runner-0.1.16.tgz",
      "integrity": "sha512-2LRJM4P2KLX6J83QZZrMqvgCDt/D5ea7wPcI3yYiy5cG/9rX5QwdwZFx0D7ktWnjdRyZxYjttGGorb5nFqb1CA==",
      "license": "MIT",
      "dependencies": {
        "crossws": "^0.4.8",
        "exsolve": "^1.1.0",
        "httpxy": "^0.5.4",
        "srvx": "^0.11.19"
      },
      "bin": {
        "env-runner": "dist/cli.mjs"
      },
      "peerDependencies": {
        "@netlify/runtime": "^4.1.23",
        "@vercel/queue": ">=0.2.0",
        "miniflare": "^4.20260515.0",
        "wrangler": "^4.0.0"
      },
      "peerDependenciesMeta": {
        "@netlify/runtime": {
          "optional": true
        },
        "@vercel/queue": {
          "optional": true
        },
        "miniflare": {
          "optional": true
        },
        "wrangler": {
          "optional": true
        }
      }
    },
    "node_modules/eve": {
      "version": "0.51.1",
      "resolved": "https://registry.npmjs.org/eve/-/eve-0.51.1.tgz",
      "integrity": "sha512-fAF/X4DLpCduSFl1mqrz/Jo4CaApyKjjhq0FWkmWAE4C4uXZUFxMl67hJSmuPlsIu7F38s35lTPhC27fEcopAA==",
      "license": "Apache-2.0",
      "dependencies": {
        "nitro": "3.0.260610-beta",
        "undici": "8.9.0"
      },
      "bin": {
        "eve": "bin/eve.js"
      },
      "engines": {
        "node": ">=24"
      },
      "peerDependencies": {
        "@opentelemetry/api": "^1.0.0",
        "ai": "^7.0.82",
        "braintrust": "^3.0.0",
        "just-bash": "^3.1.0",
        "microsandbox": "^0.5.0"
      },
      "peerDependenciesMeta": {
        "@opentelemetry/api": {
          "optional": true
        },
        "braintrust": {
          "optional": true
        },
        "just-bash": {
          "optional": true
        },
        "microsandbox": {
          "optional": true
        }
      }
    },
    "node_modules/eve/node_modules/undici": {
      "version": "8.9.0",
      "resolved": "https://registry.npmjs.org/undici/-/undici-8.9.0.tgz",
      "integrity": "sha512-aWZpUj7XoGonMClx4gdDRfgBjqeA+F473aDmROQQbM9n6PRfK/u1q/a0X4wMTgcHfT8H6fpbt98PFuDUwFg2YA==",
      "license": "MIT",
      "engines": {
        "node": ">=22.19.0"
      }
    },
    "node_modules/eventsource-parser": {
      "version": "3.1.1",
      "resolved": "https://registry.npmjs.org/eventsource-parser/-/eventsource-parser-3.1.1.tgz",
      "integrity": "sha512-EKN1vKAMcZ8MlYMpaNuxN6R9yakzH6uajHcHVTqWJzvu5pWw9DyhbP35HH8MVBQ+dZjAfDxk+A8NiR9KWaXiyQ==",
      "license": "MIT",
      "engines": {
        "node": ">=18.0.0"
      }
    },
    "node_modules/exsolve": {
      "version": "1.1.1",
      "resolved": "https://registry.npmjs.org/exsolve/-/exsolve-1.1.1.tgz",
      "integrity": "sha512-9U/jZUgjnSGyntRr6y5Muu1MJcwFl6kPu7k8qLF0IMNfLqvw0NZ4nnVDq0RVoZ0RvCyumib4Ez3KYrVfilrw+g==",
      "license": "MIT"
    },
    "node_modules/h3": {
      "version": "2.0.1-rc.22",
      "resolved": "https://registry.npmjs.org/h3/-/h3-2.0.1-rc.22.tgz",
      "integrity": "sha512-Esv0DMIuPkCTSWCA0vO73vcTqwzH1wjSrAO1TXNu/K3up1sZHa9EKMapbmxCDYBeymC3fVTk4qxp7ogQWQ+KgA==",
      "license": "MIT",
      "dependencies": {
        "rou3": "^0.8.1",
        "srvx": "^0.11.15"
      },
      "bin": {
        "h3": "bin/h3.mjs"
      },
      "engines": {
        "node": ">=20.11.1"
      },
      "peerDependencies": {
        "crossws": "^0.4.1"
      },
      "peerDependenciesMeta": {
        "crossws": {
          "optional": true
        }
      }
    },
    "node_modules/hash.js": {
      "version": "1.1.7",
      "resolved": "https://registry.npmjs.org/hash.js/-/hash.js-1.1.7.tgz",
      "integrity": "sha512-taOaskGt4z4SOANNseOviYDvjEJinIkRgmp7LbKP2YTTmVxWBl87s/uzK9r+44BclBSp2X7K1hqeNfz9JbBeXA==",
      "license": "MIT",
      "dependencies": {
        "inherits": "^2.0.3",
        "minimalistic-assert": "^1.0.1"
      }
    },
    "node_modules/hookable": {
      "version": "6.1.2",
      "resolved": "https://registry.npmjs.org/hookable/-/hookable-6.1.2.tgz",
      "integrity": "sha512-+abwxtiEA52GCVIsQqut3S/uKTbUwYIp4Pe/vv+6py5XiXBCqMZHg6pA6Y5qhgLSEys0/cYuPbO0z1QFj5ZCmg==",
      "license": "MIT"
    },
    "node_modules/httpxy": {
      "version": "0.5.5",
      "resolved": "https://registry.npmjs.org/httpxy/-/httpxy-0.5.5.tgz",
      "integrity": "sha512-uDjmnPyp1q4Sgzf3w+J/Fc6UqcCEj0x4Wjp7OqK5dGhNeDgpyrAmnS6ey8QWrX3SWDon2DMKf9sBa5X9+CVyMA==",
      "license": "MIT"
    },
    "node_modules/immediate": {
      "version": "3.0.6",
      "resolved": "https://registry.npmjs.org/immediate/-/immediate-3.0.6.tgz",
      "integrity": "sha512-XXOFtyqDjNDAQxVfYxuF7g9Il/IbWmmlQg2MYKOH8ExIT1qg6xc4zyS3HaEEATgs1btfzxq15ciUiY7gjSXRGQ==",
      "license": "MIT"
    },
    "node_modules/inherits": {
      "version": "2.0.4",
      "resolved": "https://registry.npmjs.org/inherits/-/inherits-2.0.4.tgz",
      "integrity": "sha512-k/vGaX4/Yla3WzyMCvTQOXYeIHvqOKtnqBduzTHpzpQZzAskKMhZ2K+EnBiSM9zGSoIFeMpXKxa4dYeZIQqewQ==",
      "license": "ISC"
    },
    "node_modules/isarray": {
      "version": "1.0.0",
      "resolved": "https://registry.npmjs.org/isarray/-/isarray-1.0.0.tgz",
      "integrity": "sha512-VLghIWNM6ELQzo7zwmcg0NmTVyWKYjvIeM83yjp0wRDTmUnrM678fQbcKBo6n2CJEF0szoG//ytg+TKla89ALQ==",
      "license": "MIT"
    },
    "node_modules/json-schema": {
      "version": "0.4.0",
      "resolved": "https://registry.npmjs.org/json-schema/-/json-schema-0.4.0.tgz",
      "integrity": "sha512-es94M3nTIfsEPisRafak+HDLfHXnKBhV3vU5eqPcS3flIWqcxJWgXHXiey3YrpaNsanY5ei1VoYEbOzijuq9BA==",
      "license": "(AFL-2.1 OR BSD-3-Clause)"
    },
    "node_modules/jszip": {
      "version": "3.10.2",
      "resolved": "https://registry.npmjs.org/jszip/-/jszip-3.10.2.tgz",
      "integrity": "sha512-3l+rb15IOWtUhU0H5MFqES/T6Kh7abYwjosBey/vD6hDt8zoEffkSC5Ws5SGtgVw3gBx2NEbhTeSW1+kWkpyTQ==",
      "license": "(MIT OR GPL-3.0-or-later)",
      "dependencies": {
        "lie": "~3.3.0",
        "pako": "~1.0.2",
        "readable-stream": "~2.3.6",
        "setimmediate": "^1.0.5"
      }
    },
    "node_modules/lie": {
      "version": "3.3.0",
      "resolved": "https://registry.npmjs.org/lie/-/lie-3.3.0.tgz",
      "integrity": "sha512-UaiMJzeWRlEujzAuw5LokY1L5ecNQYZKfmyZ9L7wDHb/p5etKaxXhohBcrw0EYby+G/NA52vRSN4N39dxHAIwQ==",
      "license": "MIT",
      "dependencies": {
        "immediate": "~3.0.5"
      }
    },
    "node_modules/minimalistic-assert": {
      "version": "1.0.1",
      "resolved": "https://registry.npmjs.org/minimalistic-assert/-/minimalistic-assert-1.0.1.tgz",
      "integrity": "sha512-UtJcAD4yEaGtjPezWuO9wC4nwUnVH/8/Im3yEHQP4b67cXlD/Qr9hdITCU1xDbSEXg2XKNaP8jsReV7vQd00/A==",
      "license": "ISC"
    },
    "node_modules/nanoid": {
      "version": "6.0.1",
      "resolved": "https://registry.npmjs.org/nanoid/-/nanoid-6.0.1.tgz",
      "integrity": "sha512-3wVS3i51pE2pi1k5FFL/95BGfVS0kSsvDVuGXHOtxox/TywUmtgq+3qiTOTbs9J7KfHaXPiN171k/A6dBnaXFw==",
      "funding": [
        {
          "type": "github",
          "url": "https://github.com/sponsors/ai"
        }
      ],
      "license": "MIT",
      "bin": {
        "nanoid": "bin/nanoid.js"
      },
      "engines": {
        "node": "^22 || ^24 || >=26"
      }
    },
    "node_modules/nf3": {
      "version": "0.3.24",
      "resolved": "https://registry.npmjs.org/nf3/-/nf3-0.3.24.tgz",
      "integrity": "sha512-HxLK4bo+5jNsEETZp4w3tJblHOA9MCBY14IN9nZJJV8JDxt9yNIYxuBuLMjTAR5GFa3HL61+8VQDUrXv3/C8fw==",
      "license": "MIT"
    },
    "node_modules/nitro": {
      "version": "3.0.260610-beta",
      "resolved": "https://registry.npmjs.org/nitro/-/nitro-3.0.260610-beta.tgz",
      "integrity": "sha512-KPb4L5yaF/Rx/xoGMpgHRJvZhbhGiqbRKOwwPLCH9jKTKTsEUHLjnJas85AeCzaswqa8Wi52eQBtRsODC4PS0Q==",
      "license": "MIT",
      "dependencies": {
        "consola": "^3.4.2",
        "crossws": "^0.4.6",
        "db0": "^0.3.4",
        "env-runner": "^0.1.12",
        "h3": "2.0.1-rc.22",
        "hookable": "^6.1.1",
        "nf3": "^0.3.17",
        "ocache": "^0.1.5",
        "ofetch": "2.0.0-alpha.3",
        "ohash": "^2.0.11",
        "rolldown": "^1.1.0",
        "srvx": "^0.11.16",
        "unenv": "2.0.0-rc.24",
        "unstorage": "2.0.0-alpha.7"
      },
      "bin": {
        "nitro": "dist/cli/index.mjs"
      },
      "engines": {
        "node": "^20.19.0 || >=22.12.0"
      },
      "peerDependencies": {
        "@vercel/queue": "^0.3.1",
        "dotenv": "*",
        "giget": "*",
        "jiti": "^2.7.0",
        "rollup": "^4.61.1",
        "vite": "^7 || ^8",
        "xml2js": "^0.6.2",
        "zephyr-agent": "^0.2.0"
      },
      "peerDependenciesMeta": {
        "@vercel/queue": {
          "optional": true
        },
        "dotenv": {
          "optional": true
        },
        "giget": {
          "optional": true
        },
        "jiti": {
          "optional": true
        },
        "rollup": {
          "optional": true
        },
        "vite": {
          "optional": true
        },
        "xml2js": {
          "optional": true
        },
        "zephyr-agent": {
          "optional": true
        }
      }
    },
    "node_modules/ocache": {
      "version": "0.1.5",
      "resolved": "https://registry.npmjs.org/ocache/-/ocache-0.1.5.tgz",
      "integrity": "sha512-kNNnkkVQup/QDvmTz8Q84wc2ntiyoVHDxa6eHWKt5qdGAmFRBIxy83rxgCYEjW0x06UJ9E3P6VgM2yY4rOBH4w==",
      "license": "MIT",
      "dependencies": {
        "ohash": "^2.0.11"
      }
    },
    "node_modules/ofetch": {
      "version": "2.0.0-alpha.3",
      "resolved": "https://registry.npmjs.org/ofetch/-/ofetch-2.0.0-alpha.3.tgz",
      "integrity": "sha512-zpYTCs2byOuft65vI3z43Dd6iSdFbOZZLb9/d21aCpx2rGastVU9dOCv0lu4ykc1Ur1anAYjDi3SUvR0vq50JA==",
      "license": "MIT",
      "peer": true
    },
    "node_modules/ohash": {
      "version": "2.0.12",
      "resolved": "https://registry.npmjs.org/ohash/-/ohash-2.0.12.tgz",
      "integrity": "sha512-65S/5gk9YSsaRjcyf7Nfa6h/d3E8/1gslpXfI4W7Dxn/oap8IKRuNT5VXkLQ1YFKIEg4apRY4Pj6aiwFzrDdmw==",
      "license": "MIT"
    },
    "node_modules/pako": {
      "version": "1.0.11",
      "resolved": "https://registry.npmjs.org/pako/-/pako-1.0.11.tgz",
      "integrity": "sha512-4hLB8Py4zZce5s4yd9XzopqwVv/yGNhV1Bl8NTmCq1763HeK2+EwVTv+leGeL13Dnh2wfbqowVPXCIO0z4taYw==",
      "license": "(MIT AND Zlib)"
    },
    "node_modules/pathe": {
      "version": "2.0.3",
      "resolved": "https://registry.npmjs.org/pathe/-/pathe-2.0.3.tgz",
      "integrity": "sha512-WUjGcAqP1gQacoQe+OBJsFA7Ld4DyXuUIjZ5cc75cLHvJ7dtNsTugphxIADwspS+AraAUePCKrSVtPLFj/F88w==",
      "license": "MIT"
    },
    "node_modules/process-nextick-args": {
      "version": "2.0.1",
      "resolved": "https://registry.npmjs.org/process-nextick-args/-/process-nextick-args-2.0.1.tgz",
      "integrity": "sha512-3ouUOpQhtgrbOa17J7+uxOTpITYWaGP7/AhoR3+A+/1e9skrzelGi/dXzEYyvbxubEF6Wn2ypscTKiKJFFn1ag==",
      "license": "MIT"
    },
    "node_modules/readable-stream": {
      "version": "2.3.8",
      "resolved": "https://registry.npmjs.org/readable-stream/-/readable-stream-2.3.8.tgz",
      "integrity": "sha512-8p0AUk4XODgIewSi0l8Epjs+EVnWiK7NoDIEGU0HhE7+ZyY8D1IMY7odu5lRrFXGg71L15KG8QrPmum45RTtdA==",
      "license": "MIT",
      "dependencies": {
        "core-util-is": "~1.0.0",
        "inherits": "~2.0.3",
        "isarray": "~1.0.0",
        "process-nextick-args": "~2.0.0",
        "safe-buffer": "~5.1.1",
        "string_decoder": "~1.1.1",
        "util-deprecate": "~1.0.1"
      }
    },
    "node_modules/rolldown": {
      "version": "1.2.10",
      "resolved": "https://registry.npmjs.org/rolldown/-/rolldown-1.2.10.tgz",
      "integrity": "sha512-OxkA08pSryMK7B3XiFA09B4OJ1xJMPgIYCBMY2xchzpqgBGsV1o0DetPAE+Sl3N3L4oCPiEzmHVSOj7iR04Zog==",
      "license": "MIT",
      "dependencies": {
        "@oxc-project/types": "=0.151.0",
        "@rolldown/pluginutils": "^1.0.0"
      },
      "bin": {
        "rolldown": "bin/cli.mjs"
      },
      "engines": {
        "node": "^20.19.0 || >=22.12.0"
      },
      "optionalDependencies": {
        "@rolldown/binding-android-arm-eabi": "1.2.10",
        "@rolldown/binding-android-arm64": "1.2.10",
        "@rolldown/binding-darwin-arm64": "1.2.10",
        "@rolldown/binding-darwin-x64": "1.2.10",
        "@rolldown/binding-freebsd-x64": "1.2.10",
        "@rolldown/binding-linux-arm-gnueabihf": "1.2.10",
        "@rolldown/binding-linux-arm64-gnu": "1.2.10",
        "@rolldown/binding-linux-arm64-musl": "1.2.10",
        "@rolldown/binding-linux-ppc64-gnu": "1.2.10",
        "@rolldown/binding-linux-s390x-gnu": "1.2.10",
        "@rolldown/binding-linux-x64-gnu": "1.2.10",
        "@rolldown/binding-linux-x64-musl": "1.2.10",
        "@rolldown/binding-openharmony-arm64": "1.2.10",
        "@rolldown/binding-win32-arm64-msvc": "1.2.10",
        "@rolldown/binding-win32-x64-msvc": "1.2.10"
      }
    },
    "node_modules/rou3": {
      "version": "0.8.1",
      "resolved": "https://registry.npmjs.org/rou3/-/rou3-0.8.1.tgz",
      "integrity": "sha512-ePa+XGk00/3HuCqrEnK3LxJW7I0SdNg6EFzKUJG73hMAdDcOUC/i/aSz7LSDwLrGr33kal/rqOGydzwl6U7zBA==",
      "license": "MIT"
    },
    "node_modules/safe-buffer": {
      "version": "5.1.2",
      "resolved": "https://registry.npmjs.org/safe-buffer/-/safe-buffer-5.1.2.tgz",
      "integrity": "sha512-Gd2UZBJDkXlY7GbJxfsE8/nvKkUEU1G38c1siN6QP6a9PT9MmHB8GnpscSmMJSoF8LOIrt8ud/wPtojys4G6+g==",
      "license": "MIT"
    },
    "node_modules/sax": {
      "version": "1.6.1",
      "resolved": "https://registry.npmjs.org/sax/-/sax-1.6.1.tgz",
      "integrity": "sha512-42tBVwLWnaQvW5zc4HbZrTuWccECCZfBi92FDuwtqxasH+JbPB3/FOKb1m222K42R4WxuxzzMsTswfzgtSu64Q==",
      "license": "BlueOak-1.0.0",
      "engines": {
        "node": ">=11.0.0"
      }
    },
    "node_modules/setimmediate": {
      "version": "1.0.5",
      "resolved": "https://registry.npmjs.org/setimmediate/-/setimmediate-1.0.5.tgz",
      "integrity": "sha512-MATJdZp8sLqDl/68LfQmbP8zKPLQNV6BIZoIgrscFDQ+RsvK/BxeDQOgyxKKoh0y/8h3BqVFnCqQ/gd+reiIXA==",
      "license": "MIT"
    },
    "node_modules/srvx": {
      "version": "0.11.22",
      "resolved": "https://registry.npmjs.org/srvx/-/srvx-0.11.22.tgz",
      "integrity": "sha512-LqZxxBDMKuMAZzFzJnDCkFOrs9MZQZr0LvHiO/SuSZVdQaXD7xQ5UWTUxheJrQPve1qk9MG2B/yttUvJxw8egQ==",
      "license": "MIT",
      "bin": {
        "srvx": "bin/srvx.mjs"
      },
      "engines": {
        "node": ">=20.16.0"
      }
    },
    "node_modules/string_decoder": {
      "version": "1.1.1",
      "resolved": "https://registry.npmjs.org/string_decoder/-/string_decoder-1.1.1.tgz",
      "integrity": "sha512-n/ShnvDi6FHbbVfviro+WojiFzv+s8MPMHBczVePfUpDJLwoLT0ht1l4YwBCbi8pJAveEEdnkHyPyTP/mzRfwg==",
      "license": "MIT",
      "dependencies": {
        "safe-buffer": "~5.1.0"
      }
    },
    "node_modules/undici": {
      "version": "7.29.1",
      "resolved": "https://registry.npmjs.org/undici/-/undici-7.29.1.tgz",
      "integrity": "sha512-RYONW2MeafgYlkVOKYKkA/Ag7BmXqgIWCa8t1m0JcxrQg9pI9lEqRhAOruOBCbAohOa/gkCF+iPi9hrgvTzu6Q==",
      "license": "MIT",
      "engines": {
        "node": ">=20.18.1"
      }
    },
    "node_modules/undici-types": {
      "version": "7.24.6",
      "resolved": "https://registry.npmjs.org/undici-types/-/undici-types-7.24.6.tgz",
      "integrity": "sha512-WRNW+sJgj5OBN4/0JpHFqtqzhpbnV0GuB+OozA9gCL7a993SmU+1JBZCzLNxYsbMfIeDL+lTsphD5jN5N+n0zg==",
      "license": "MIT"
    },
    "node_modules/unenv": {
      "version": "2.0.0-rc.24",
      "resolved": "https://registry.npmjs.org/unenv/-/unenv-2.0.0-rc.24.tgz",
      "integrity": "sha512-i7qRCmY42zmCwnYlh9H2SvLEypEFGye5iRmEMKjcGi7zk9UquigRjFtTLz0TYqr0ZGLZhaMHl/foy1bZR+Cwlw==",
      "license": "MIT",
      "dependencies": {
        "pathe": "^2.0.3"
      }
    },
    "node_modules/unstorage": {
      "version": "2.0.0-alpha.7",
      "resolved": "https://registry.npmjs.org/unstorage/-/unstorage-2.0.0-alpha.7.tgz",
      "integrity": "sha512-ELPztchk2zgFJnakyodVY3vJWGW9jy//keJ32IOJVGUMyaPydwcA1FtVvWqT0TNRch9H+cMNEGllfVFfScImog==",
      "license": "MIT",
      "peerDependencies": {
        "@azure/app-configuration": "^1.11.0",
        "@azure/cosmos": "^4.9.1",
        "@azure/data-tables": "^13.3.2",
        "@azure/identity": "^4.13.0",
        "@azure/keyvault-secrets": "^4.10.0",
        "@azure/storage-blob": "^12.31.0",
        "@capacitor/preferences": "^6 || ^7 || ^8",
        "@deno/kv": ">=0.13.0",
        "@netlify/blobs": "^6.5.0 || ^7.0.0 || ^8.1.0 || ^9.0.0 || ^10.0.0",
        "@planetscale/database": "^1.19.0",
        "@upstash/redis": "^1.36.2",
        "@vercel/blob": ">=0.27.3",
        "@vercel/functions": "^2.2.12 || ^3.0.0",
        "@vercel/kv": "^1.0.1",
        "aws4fetch": "^1.0.20",
        "chokidar": "^4 || ^5",
        "db0": ">=0.3.4",
        "idb-keyval": "^6.2.2",
        "ioredis": "^5.9.3",
        "lru-cache": "^11.2.6",
        "mongodb": "^6 || ^7",
        "ofetch": "*",
        "uploadthing": "^7.7.4"
      },
      "peerDependenciesMeta": {
        "@azure/app-configuration": {
          "optional": true
        },
        "@azure/cosmos": {
          "optional": true
        },
        "@azure/data-tables": {
          "optional": true
        },
        "@azure/identity": {
          "optional": true
        },
        "@azure/keyvault-secrets": {
          "optional": true
        },
        "@azure/storage-blob": {
          "optional": true
        },
        "@capacitor/preferences": {
          "optional": true
        },
        "@deno/kv": {
          "optional": true
        },
        "@netlify/blobs": {
          "optional": true
        },
        "@planetscale/database": {
          "optional": true
        },
        "@upstash/redis": {
          "optional": true
        },
        "@vercel/blob": {
          "optional": true
        },
        "@vercel/functions": {
          "optional": true
        },
        "@vercel/kv": {
          "optional": true
        },
        "aws4fetch": {
          "optional": true
        },
        "chokidar": {
          "optional": true
        },
        "db0": {
          "optional": true
        },
        "idb-keyval": {
          "optional": true
        },
        "ioredis": {
          "optional": true
        },
        "lru-cache": {
          "optional": true
        },
        "mongodb": {
          "optional": true
        },
        "ofetch": {
          "optional": true
        },
        "uploadthing": {
          "optional": true
        }
      }
    },
    "node_modules/util-deprecate": {
      "version": "1.0.2",
      "resolved": "https://registry.npmjs.org/util-deprecate/-/util-deprecate-1.0.2.tgz",
      "integrity": "sha512-EPD5q1uXyFxJpCrLnCc1nHnq3gOa6DZBocAIiI2TaSCA7VCJ1UJDMagCzIkXNsUYfD1daK//LTEQ8xiIbrHtcw==",
      "license": "MIT"
    },
    "node_modules/xml": {
      "version": "1.0.1",
      "resolved": "https://registry.npmjs.org/xml/-/xml-1.0.1.tgz",
      "integrity": "sha512-huCv9IH9Tcf95zuYCsQraZtWnJvBtLVE0QHMOs8bWyZAFZNDcYjsPq1nEx8jKA9y+Beo9v+7OBPRisQTjinQMw==",
      "license": "MIT"
    },
    "node_modules/xml-js": {
      "version": "1.6.11",
      "resolved": "https://registry.npmjs.org/xml-js/-/xml-js-1.6.11.tgz",
      "integrity": "sha512-7rVi2KMfwfWFl+GpPg6m80IVMWXLRjO+PxTq7V2CDhoGak0wzYzFgUY2m4XJ47OGdXd8eLE8EmwfAmdjw7lC1g==",
      "license": "MIT",
      "dependencies": {
        "sax": "^1.2.4"
      },
      "bin": {
        "xml-js": "bin/cli.js"
      }
    },
    "node_modules/zod": {
      "version": "4.4.3",
      "resolved": "https://registry.npmjs.org/zod/-/zod-4.4.3.tgz",
      "integrity": "sha512-ytENFjIJFl2UwYglde2jchW2Hwm4GJFLDiSXWdTrJQBIN9Fcyp7n4DhxJEiWNAJMV1/BqWfW/kkg71UDcHJyTQ==",
      "license": "MIT",
      "peer": true,
      "funding": {
        "url": "https://github.com/sponsors/colinhacks"
      }
    }
  }
}
